{
    "name": "aoc22",
    "version": "1.0.0",
    "lockfileVersion": 2,
    "requires": true,
    "packages": {
        "": {
            "name": "aoc22",
            "version": "1.0.0",
            "license": "MIT",
            "dependencies": {
                "@types/node": "^18.11.11",
                "itsamatch": "^1.1.2"
            },
            "devDependencies": {}
        },
        "node_modules/@types/node": {
            "version": "18.11.11",
            "resolved": "https://registry.npmjs.org/@types/node/-/node-18.11.11.tgz",
            "integrity": "sha512-KJ021B1nlQUBLopzZmPBVuGU9un7WJd/W4ya7Ih02B4Uwky5Nja0yGYav2EfYIk0RR2Q9oVhf60S2XR1BCWJ2g=="
        },
        "node_modules/itsamatch": {
            "version": "1.1.2",
            "resolved": "https://registry.npmjs.org/itsamatch/-/itsamatch-1.1.2.tgz",
            "integrity": "sha512-4AnBWl36QN9CYW2Gfad7SNqx24A1eGG2KmNuCUWXABFvH1A+dtN7QGQcvuJt1ADOcWsh+9V0bLPJWm44ujTCQg=="
        }
    },
    "dependencies": {
        "@types/node": {
            "version": "18.11.11",
            "resolved": "https://registry.npmjs.org/@types/node/-/node-18.11.11.tgz",
            "integrity": "sha512-KJ021B1nlQUBLopzZmPBVuGU9un7WJd/W4ya7Ih02B4Uwky5Nja0yGYav2EfYIk0RR2Q9oVhf60S2XR1BCWJ2g=="
        },
        "itsamatch": {
            "version": "1.1.2",
            "resolved": "https://registry.npmjs.org/itsamatch/-/itsamatch-1.1.2.tgz",
            "integrity": "sha512-4AnBWl36QN9CYW2Gfad7SNqx24A1eGG2KmNuCUWXABFvH1A+dtN7QGQcvuJt1ADOcWsh+9V0bLPJWm44ujTCQg=="
        }
    }
}
